
Microsoft Visual Studio Solution File, Format Version 12.00
# Visual Studio Version 16
VisualStudioVersion = 16.0.30002.166
MinimumVisualStudioVersion = 10.0.40219.1
Project("{FAE04EC0-301F-11D3-BF4B-00C04F79EFBC}") = "Project1", "Project1\Project1.csproj", "{C8A947A1-E4E6-4EFB-A76E-9F714770B32F}"
EndProject
Global
	GlobalSection(SolutionConfigurationPlatforms) = preSolution
		Debug|Any CPU = Debug|Any CPU
		Release|Any CPU = Release|Any CPU
	EndGlobalSection
	GlobalSection(ProjectConfigurationPlatforms) = postSolution
		{C8A947A1-E4E6-4EFB-A76E-9F714770B32F}.Debug|Any CPU.ActiveCfg = Debug|Any CPU
		{C8A947A1-E4E6-4EFB-A76E-9F714770B32F}.Debug|Any CPU.Build.0 = Debug|Any CPU
		{C8A947A1-E4E6-4EFB-A76E-9F714770B32F}.Release|Any CPU.ActiveCfg = Release|Any CPU
		{C8A947A1-E4E6-4EFB-A76E-9F714770B32F}.Release|Any CPU.Build.0 = Release|Any CPU
	EndGlobalSection
	GlobalSection(SolutionProperties) = preSolution
		HideSolutionNode = FALSE
	EndGlobalSection
	GlobalSection(ExtensibilityGlobals) = postSolution
		SolutionGuid = {01E0E8E3-6C90-4543-B218-750A29842FF0}
	EndGlobalSection
EndGlobal
